
Microsoft Visual Studio Solution File, Format Version 12.00
# Visual Studio Version 17
VisualStudioVersion = 17.4.33205.214
MinimumVisualStudioVersion = 10.0.40219.1
Project("{9A19103F-16F7-4668-BE54-9A1E7A4F7556}") = "Generic_Repository_Pattern", "Generic_Repository\Generic_Repository_Pattern.csproj", "{100CB1FB-CF6B-4D2F-8AD4-ADA26C78BC73}"
EndProject
Global
	GlobalSection(SolutionConfigurationPlatforms) = preSolution
		Debug|Any CPU = Debug|Any CPU
		Release|Any CPU = Release|Any CPU
	EndGlobalSection
	GlobalSection(ProjectConfigurationPlatforms) = postSolution
		{100CB1FB-CF6B-4D2F-8AD4-ADA26C78BC73}.Debug|Any CPU.ActiveCfg = Debug|Any CPU
		{100CB1FB-CF6B-4D2F-8AD4-ADA26C78BC73}.Debug|Any CPU.Build.0 = Debug|Any CPU
		{100CB1FB-CF6B-4D2F-8AD4-ADA26C78BC73}.Release|Any CPU.ActiveCfg = Release|Any CPU
		{100CB1FB-CF6B-4D2F-8AD4-ADA26C78BC73}.Release|Any CPU.Build.0 = Release|Any CPU
	EndGlobalSection
	GlobalSection(SolutionProperties) = preSolution
		HideSolutionNode = FALSE
	EndGlobalSection
	GlobalSection(ExtensibilityGlobals) = postSolution
		SolutionGuid = {43943852-827B-4DCE-9781-226D7C5AC351}
	EndGlobalSection
EndGlobal
